
Microsoft Visual Studio Solution File, Format Version 12.00
# Visual Studio 14
VisualStudioVersion = 14.0.23107.0
MinimumVisualStudioVersion = 10.0.40219.1
Project("{FAE04EC0-301F-11D3-BF4B-00C04F79EFBC}") = "Tools", "Tools\Tools.csproj", "{BD5D83F6-23D0-4712-8E8E-DE4E32C93B62}"
EndProject
Project("{FAE04EC0-301F-11D3-BF4B-00C04F79EFBC}") = "ChessClient", "ChessClient\ChessClient.csproj", "{910A47FC-93BC-46F6-B115-6FCBCA62DA66}"
EndProject
Project("{FAE04EC0-301F-11D3-BF4B-00C04F79EFBC}") = "ChessEngine", "ChessEngine\ChessEngine.csproj", "{335A32F4-3708-4BD0-AAD9-70289B9B8CF0}"
EndProject
Project("{FAE04EC0-301F-11D3-BF4B-00C04F79EFBC}") = "ChessNetwork", "ChessNetwork\ChessNetwork.csproj", "{9B2E8A89-7484-42E5-B296-8574982EDE4A}"
EndProject
Project("{FAE04EC0-301F-11D3-BF4B-00C04F79EFBC}") = "ChessServer", "ChessServer\ChessServer.csproj", "{4B5AED15-051B-4573-B6F9-B9119F386BE1}"
EndProject
Project("{2150E333-8FDC-42A3-9474-1A3956D46DE8}") = "Applications", "Applications", "{E67AA012-3A82-4D79-9164-29F674E13189}"
EndProject
Global
	GlobalSection(SolutionConfigurationPlatforms) = preSolution
		Debug|Any CPU = Debug|Any CPU
		Release|Any CPU = Release|Any CPU
	EndGlobalSection
	GlobalSection(ProjectConfigurationPlatforms) = postSolution
		{BD5D83F6-23D0-4712-8E8E-DE4E32C93B62}.Debug|Any CPU.ActiveCfg = Debug|Any CPU
		{BD5D83F6-23D0-4712-8E8E-DE4E32C93B62}.Debug|Any CPU.Build.0 = Debug|Any CPU
		{BD5D83F6-23D0-4712-8E8E-DE4E32C93B62}.Release|Any CPU.ActiveCfg = Release|Any CPU
		{BD5D83F6-23D0-4712-8E8E-DE4E32C93B62}.Release|Any CPU.Build.0 = Release|Any CPU
		{910A47FC-93BC-46F6-B115-6FCBCA62DA66}.Debug|Any CPU.ActiveCfg = Debug|Any CPU
		{910A47FC-93BC-46F6-B115-6FCBCA62DA66}.Debug|Any CPU.Build.0 = Debug|Any CPU
		{910A47FC-93BC-46F6-B115-6FCBCA62DA66}.Release|Any CPU.ActiveCfg = Release|Any CPU
		{910A47FC-93BC-46F6-B115-6FCBCA62DA66}.Release|Any CPU.Build.0 = Release|Any CPU
		{335A32F4-3708-4BD0-AAD9-70289B9B8CF0}.Debug|Any CPU.ActiveCfg = Debug|Any CPU
		{335A32F4-3708-4BD0-AAD9-70289B9B8CF0}.Debug|Any CPU.Build.0 = Debug|Any CPU
		{335A32F4-3708-4BD0-AAD9-70289B9B8CF0}.Release|Any CPU.ActiveCfg = Release|Any CPU
		{335A32F4-3708-4BD0-AAD9-70289B9B8CF0}.Release|Any CPU.Build.0 = Release|Any CPU
		{9B2E8A89-7484-42E5-B296-8574982EDE4A}.Debug|Any CPU.ActiveCfg = Debug|Any CPU
		{9B2E8A89-7484-42E5-B296-8574982EDE4A}.Debug|Any CPU.Build.0 = Debug|Any CPU
		{9B2E8A89-7484-42E5-B296-8574982EDE4A}.Release|Any CPU.ActiveCfg = Release|Any CPU
		{9B2E8A89-7484-42E5-B296-8574982EDE4A}.Release|Any CPU.Build.0 = Release|Any CPU
		{4B5AED15-051B-4573-B6F9-B9119F386BE1}.Debug|Any CPU.ActiveCfg = Debug|Any CPU
		{4B5AED15-051B-4573-B6F9-B9119F386BE1}.Debug|Any CPU.Build.0 = Debug|Any CPU
		{4B5AED15-051B-4573-B6F9-B9119F386BE1}.Release|Any CPU.ActiveCfg = Release|Any CPU
		{4B5AED15-051B-4573-B6F9-B9119F386BE1}.Release|Any CPU.Build.0 = Release|Any CPU
	EndGlobalSection
	GlobalSection(SolutionProperties) = preSolution
		HideSolutionNode = FALSE
	EndGlobalSection
	GlobalSection(NestedProjects) = preSolution
		{910A47FC-93BC-46F6-B115-6FCBCA62DA66} = {E67AA012-3A82-4D79-9164-29F674E13189}
		{4B5AED15-051B-4573-B6F9-B9119F386BE1} = {E67AA012-3A82-4D79-9164-29F674E13189}
	EndGlobalSection
EndGlobal
